<?xml version="1.0" encoding="utf-8"?>
<Project ToolsVersion="4.0" xmlns="http://schemas.microsoft.com/developer/msbuild/2003">
  <ItemGroup>
    <Filter Include="源文件">
      <UniqueIdentifier>{4FC737F1-C7A5-4376-A066-2A32D752A2FF}</UniqueIdentifier>
      <Extensions>cpp;c;cc;cxx;c++;cppm;ixx;def;odl;idl;hpj;bat;asm;asmx</Extensions>
    </Filter>
    <Filter Include="头文件">
      <UniqueIdentifier>{93995380-89BD-4b04-88EB-625FBE52EBFB}</UniqueIdentifier>
      <Extensions>h;hh;hpp;hxx;h++;hm;inl;inc;ipp;xsd</Extensions>
    </Filter>
    <Filter Include="资源文件">
      <UniqueIdentifier>{67DA6AB6-F800-4c08-8B7A-83BB121AAD01}</UniqueIdentifier>
      <Extensions>rc;ico;cur;bmp;dlg;rc2;rct;bin;rgs;gif;jpg;jpeg;jpe;resx;tiff;tif;png;wav;mfcribbon-ms</Extensions>
    </Filter>
    <Filter Include="源文件\数组">
      <UniqueIdentifier>{3a1ce403-9de2-4118-aef1-d4c51589f57b}</UniqueIdentifier>
    </Filter>
    <Filter Include="源文件\单项链表">
      <UniqueIdentifier>{37563ad9-f770-4ec2-805a-3c3b61e0b57b}</UniqueIdentifier>
    </Filter>
    <Filter Include="源文件\双指针奇偶数判断">
      <UniqueIdentifier>{74a91626-7e1e-4579-b398-f3d9996c18d6}</UniqueIdentifier>
    </Filter>
    <Filter Include="源文件\逆序字符串">
      <UniqueIdentifier>{5b50cf7c-a93f-4f0e-8685-969a37ca19e5}</UniqueIdentifier>
    </Filter>
  </ItemGroup>
  <ItemGroup>
    <ClCompile Include="数组.cpp">
      <Filter>源文件\数组</Filter>
    </ClCompile>
    <ClCompile Include="单项链表.cpp">
      <Filter>源文件\单项链表</Filter>
    </ClCompile>
    <ClCompile Include="双指针奇偶数判断.cpp">
      <Filter>源文件\双指针奇偶数判断</Filter>
    </ClCompile>
    <ClCompile Include="逆序字符串.cpp">
      <Filter>源文件\逆序字符串</Filter>
    </ClCompile>
  </ItemGroup>
</Project>